{
  "originHash" : "b8f27ea49509662e363e9684fe537cd312bcbe74b8fa8692fd220b419d8330ee",
  "pins" : [
    {
      "identity" : "svgpath",
      "kind" : "remoteSourceControl",
      "location" : "https://github.com/nicklockwood/SVGPath",
      "state" : {
        "revision" : "381fd6008f7d7120bdd631e3179f5a2a35e2e14f",
        "version" : "1.2.0"
      }
    },
    {
      "identity" : "swiftui-cached-async-image",
      "kind" : "remoteSourceControl",
      "location" : "https://github.com/lorenzofiamingo/swiftui-cached-async-image.git",
      "state" : {
        "revision" : "467a3d17479887943ab917a379e62bbaff60ac8a",
        "version" : "2.1.1"
      }
    }
  ],
  "version" : 3
}
